
Microsoft Visual Studio Solution File, Format Version 12.00
# Visual Studio 2012
Project("{8BC9CEB8-8B4A-11D0-8D11-00A0C91BC942}") = "c-exstory", "c-exstory\c-exstory.vcxproj", "{05F35058-CF9A-4C0D-8C47-8F2932966E4C}"
EndProject
Global
	GlobalSection(SolutionConfigurationPlatforms) = preSolution
		Debug|Win32 = Debug|Win32
		Release|Win32 = Release|Win32
	EndGlobalSection
	GlobalSection(ProjectConfigurationPlatforms) = postSolution
		{05F35058-CF9A-4C0D-8C47-8F2932966E4C}.Debug|Win32.ActiveCfg = Debug|Win32
		{05F35058-CF9A-4C0D-8C47-8F2932966E4C}.Debug|Win32.Build.0 = Debug|Win32
		{05F35058-CF9A-4C0D-8C47-8F2932966E4C}.Release|Win32.ActiveCfg = Release|Win32
		{05F35058-CF9A-4C0D-8C47-8F2932966E4C}.Release|Win32.Build.0 = Release|Win32
	EndGlobalSection
	GlobalSection(SolutionProperties) = preSolution
		HideSolutionNode = FALSE
	EndGlobalSection
EndGlobal
